
Microsoft Visual Studio Solution File, Format Version 12.00
# Visual Studio Version 17
VisualStudioVersion = 17.4.33103.184
MinimumVisualStudioVersion = 10.0.40219.1
Project("{FAE04EC0-301F-11D3-BF4B-00C04F79EFBC}") = "MinesweeperGame", "MinesweeperGame\MinesweeperGame.csproj", "{3ED0DB50-05F6-46B1-997F-C7F3A7EB9FDA}"
EndProject
Project("{FAE04EC0-301F-11D3-BF4B-00C04F79EFBC}") = "MinesweeperGame.Tests", "MinesweeperGame.Tests\MinesweeperGame.Tests.csproj", "{1399970C-702B-4277-838F-2BA6E63F2AD7}"
EndProject
Global
	GlobalSection(SolutionConfigurationPlatforms) = preSolution
		Debug|Any CPU = Debug|Any CPU
		Release|Any CPU = Release|Any CPU
	EndGlobalSection
	GlobalSection(ProjectConfigurationPlatforms) = postSolution
		{3ED0DB50-05F6-46B1-997F-C7F3A7EB9FDA}.Debug|Any CPU.ActiveCfg = Debug|Any CPU
		{3ED0DB50-05F6-46B1-997F-C7F3A7EB9FDA}.Debug|Any CPU.Build.0 = Debug|Any CPU
		{3ED0DB50-05F6-46B1-997F-C7F3A7EB9FDA}.Release|Any CPU.ActiveCfg = Release|Any CPU
		{3ED0DB50-05F6-46B1-997F-C7F3A7EB9FDA}.Release|Any CPU.Build.0 = Release|Any CPU
		{1399970C-702B-4277-838F-2BA6E63F2AD7}.Debug|Any CPU.ActiveCfg = Debug|Any CPU
		{1399970C-702B-4277-838F-2BA6E63F2AD7}.Debug|Any CPU.Build.0 = Debug|Any CPU
		{1399970C-702B-4277-838F-2BA6E63F2AD7}.Release|Any CPU.ActiveCfg = Release|Any CPU
		{1399970C-702B-4277-838F-2BA6E63F2AD7}.Release|Any CPU.Build.0 = Release|Any CPU
	EndGlobalSection
	GlobalSection(SolutionProperties) = preSolution
		HideSolutionNode = FALSE
	EndGlobalSection
	GlobalSection(ExtensibilityGlobals) = postSolution
		SolutionGuid = {74F90D89-B4E5-497E-9BD1-0D22C351602D}
	EndGlobalSection
EndGlobal
